# @generated - this file is auto-generated by `mise lock` https://mise.jdx.dev/dev-tools/mise-lock.html

lockfile_version = 2

[[tools.dart]]
version = "3.7.2"
backend = "http:dart"
specifiers = ["3.7.2"]

[tools.dart."platforms.linux-arm64"]
checksum = "sha256:3452ccad61e057eb7fa17e85ed1aa035d44c36e33dac07655717798f47e64ca8"
url = "https://storage.googleapis.com/dart-archive/channels/stable/release/3.7.2/sdk/dartsdk-linux-arm64-release.zip"

[tools.dart."platforms.linux-arm64-musl"]
checksum = "sha256:3452ccad61e057eb7fa17e85ed1aa035d44c36e33dac07655717798f47e64ca8"
url = "https://storage.googleapis.com/dart-archive/channels/stable/release/3.7.2/sdk/dartsdk-linux-arm64-release.zip"

[tools.dart."platforms.linux-x64"]
checksum = "sha256:c216fdd70f656c50c78dc6a0ffae6e5ced7a9a7ccedea3e402fa6b5ebe24788c"
url = "https://storage.googleapis.com/dart-archive/channels/stable/release/3.7.2/sdk/dartsdk-linux-x64-release.zip"

[tools.dart."platforms.linux-x64-musl"]
checksum = "sha256:c216fdd70f656c50c78dc6a0ffae6e5ced7a9a7ccedea3e402fa6b5ebe24788c"
url = "https://storage.googleapis.com/dart-archive/channels/stable/release/3.7.2/sdk/dartsdk-linux-x64-release.zip"

[tools.dart."platforms.macos-arm64"]
checksum = "sha256:106e63d9590090993a95ee51e68729de2d09ca2b7b7bd16c0b5fb57a60b3657c"
url = "https://storage.googleapis.com/dart-archive/channels/stable/release/3.7.2/sdk/dartsdk-macos-arm64-release.zip"

[tools.dart."platforms.macos-x64"]
checksum = "sha256:060886d2b8ae832f89ce7db971eeb6218a507e37071152487dd52eb256a449ae"
url = "https://storage.googleapis.com/dart-archive/channels/stable/release/3.7.2/sdk/dartsdk-macos-x64-release.zip"

[tools.dart."platforms.windows-x64"]
checksum = "sha256:f08efe6c7a7c3f0476353a6bb31e875edc9612d00aaa60b43dd07291e31ceab7"
url = "https://storage.googleapis.com/dart-archive/channels/stable/release/3.7.2/sdk/dartsdk-windows-x64-release.zip"
