# @generated - this file is auto-generated by `mise lock` https://mise.jdx.dev/dev-tools/mise-lock.html

lockfile_version = 3

[[tools.dart]]
version = "3.13.5"
backend = "http:dart"
specifiers = ["3.13.5"]

[tools.dart."platforms.linux-arm64"]
checksum = "sha256:19a731647c3ed55058ee46dde00330150e6a8729bb6121b4a31e86084c8a3e6d"
url = "https://storage.googleapis.com/dart-archive/channels/stable/release/3.13.5/sdk/dartsdk-linux-arm64-release.zip"

[tools.dart."platforms.linux-arm64-musl"]
checksum = "sha256:19a731647c3ed55058ee46dde00330150e6a8729bb6121b4a31e86084c8a3e6d"
url = "https://storage.googleapis.com/dart-archive/channels/stable/release/3.13.5/sdk/dartsdk-linux-arm64-release.zip"

[tools.dart."platforms.linux-x64"]
checksum = "sha256:ea864bc64df30a6b8bdf30b2e32550f7717d9a890de8f40293aeabb924fe232b"
url = "https://storage.googleapis.com/dart-archive/channels/stable/release/3.13.5/sdk/dartsdk-linux-x64-release.zip"

[tools.dart."platforms.linux-x64-musl"]
checksum = "sha256:ea864bc64df30a6b8bdf30b2e32550f7717d9a890de8f40293aeabb924fe232b"
url = "https://storage.googleapis.com/dart-archive/channels/stable/release/3.13.5/sdk/dartsdk-linux-x64-release.zip"

[tools.dart."platforms.macos-arm64"]
checksum = "sha256:9dfe7d6f2558816c2a978aff6c80e8a4509c6cb726c0702a616c64d286f60e88"
url = "https://storage.googleapis.com/dart-archive/channels/stable/release/3.13.5/sdk/dartsdk-macos-arm64-release.zip"

[tools.dart."platforms.macos-x64"]
checksum = "sha256:15aaffcc5c6aebcf5e907f721671a9f03cdc5e0b95affa59a9d8291fb2972421"
url = "https://storage.googleapis.com/dart-archive/channels/stable/release/3.13.5/sdk/dartsdk-macos-x64-release.zip"

[tools.dart."platforms.windows-x64"]
checksum = "sha256:aed8e4a8932ce8fa18ea32f990e43b4a1c9390a4c73777ab6fdf77fc9f4524d1"
url = "https://storage.googleapis.com/dart-archive/channels/stable/release/3.13.5/sdk/dartsdk-windows-x64-release.zip"
